
Microsoft Visual Studio Solution File, Format Version 12.00
# Visual Studio 15
VisualStudioVersion = 15.0.28307.852
MinimumVisualStudioVersion = 10.0.40219.1
Project("{2150E333-8FDC-42A3-9474-1A3956D46DE8}") = "Csharp", "Csharp", "{575035D5-C060-4489-B743-FB90F5D94460}"
EndProject
Project("{2150E333-8FDC-42A3-9474-1A3956D46DE8}") = "1_Hello_World", "1_Hello_World", "{4EC1713B-65BD-483D-B693-ED25C2B86E14}"
EndProject
Project("{9A19103F-16F7-4668-BE54-9A1E7A4F7556}") = "Send", "Csharp\1_Hello_World\Send\Send.csproj", "{E4BCB9E7-5A28-4233-BB67-7A7D934A3CB2}"
EndProject
Project("{9A19103F-16F7-4668-BE54-9A1E7A4F7556}") = "Receive", "Csharp\1_Hello_World\Receive\Receive.csproj", "{0C069FD3-04EB-400C-B878-3060441CE86E}"
EndProject
Project("{2150E333-8FDC-42A3-9474-1A3956D46DE8}") = "2_Work_Queues", "2_Work_Queues", "{2A1CA27F-42F8-4E8A-BEDB-861D26962346}"
EndProject
Project("{9A19103F-16F7-4668-BE54-9A1E7A4F7556}") = "NewTask", "Csharp\2_Work_Queues\NewTask\NewTask.csproj", "{14CE7003-7B95-41C8-8788-7C8F27D04004}"
EndProject
Project("{9A19103F-16F7-4668-BE54-9A1E7A4F7556}") = "Worker", "Csharp\2_Work_Queues\Worker\Worker.csproj", "{0F1CE5C9-E936-4A07-9614-5F11ED7CE570}"
EndProject
Project("{2150E333-8FDC-42A3-9474-1A3956D46DE8}") = "3_Publish_Subscribe", "3_Publish_Subscribe", "{3600C0F8-C18F-42C0-8DCA-AB9690C77C87}"
EndProject
Project("{FAE04EC0-301F-11D3-BF4B-00C04F79EFBC}") = "ReceiveLogs", "Csharp\3_Publish_Subscribe\ReceiveLogs\ReceiveLogs.csproj", "{0AE3D309-EBA9-4E94-AD38-9644F8786A2A}"
EndProject
Project("{FAE04EC0-301F-11D3-BF4B-00C04F79EFBC}") = "EmitLogs", "Csharp\3_Publish_Subscribe\EmitLogs\EmitLogs.csproj", "{2E2A2B0E-6C5C-4A4F-931C-A9885240CD1A}"
EndProject
Project("{2150E333-8FDC-42A3-9474-1A3956D46DE8}") = "4_Routing", "4_Routing", "{24DDE90A-1731-4323-9E12-A03BDDA2E3D4}"
EndProject
Project("{FAE04EC0-301F-11D3-BF4B-00C04F79EFBC}") = "EmitLogDirect", "Csharp\4_Routing\EmitLogDirect\EmitLogDirect.csproj", "{B1C7FD18-F541-45E7-BFB7-2D7632596F02}"
EndProject
Project("{FAE04EC0-301F-11D3-BF4B-00C04F79EFBC}") = "ReceiveLogsDirect", "Csharp\4_Routing\ReceiveLogsDirect\ReceiveLogsDirect.csproj", "{1EC99672-BEDD-482C-8890-AD8B4716CCBE}"
EndProject
Project("{2150E333-8FDC-42A3-9474-1A3956D46DE8}") = "5_Topics", "5_Topics", "{957918E5-F068-4B01-B30C-C6E896D5714B}"
EndProject
Project("{FAE04EC0-301F-11D3-BF4B-00C04F79EFBC}") = "EmitLogTopic", "Csharp\5_Topics\EmitLogTopic\EmitLogTopic.csproj", "{A12BAFA8-86E9-4338-B73E-85B4E2F46B87}"
EndProject
Project("{FAE04EC0-301F-11D3-BF4B-00C04F79EFBC}") = "ReceiveLogsTopic", "Csharp\5_Topics\ReceiveLogsTopic\ReceiveLogsTopic.csproj", "{345B75A8-E013-482B-8D58-253F854FBEAD}"
EndProject
Project("{2150E333-8FDC-42A3-9474-1A3956D46DE8}") = "6_Remote_Procedure_Calls", "6_Remote_Procedure_Calls", "{CF24949F-EBBB-4263-820B-A9746C532687}"
EndProject
Project("{2150E333-8FDC-42A3-9474-1A3956D46DE8}") = "7_Publisher_Confirms", "7_Publisher_Confirms", "{CD002725-0FAB-4D7E-BBF7-95D6B02C9BE8}"
EndProject
Project("{FAE04EC0-301F-11D3-BF4B-00C04F79EFBC}") = "RPCServer", "Csharp\6_Remote_Procedure_Calls\RPCServer\RPCServer.csproj", "{5D07497F-81ED-4A4D-9116-741DE6B2D44B}"
EndProject
Project("{FAE04EC0-301F-11D3-BF4B-00C04F79EFBC}") = "RPCClient", "Csharp\6_Remote_Procedure_Calls\RPCClient\RPCClient\RPCClient.csproj", "{A101D527-EDB2-4E97-97E1-55720D22FB2D}"
EndProject
Global
	GlobalSection(SolutionConfigurationPlatforms) = preSolution
		Debug|Any CPU = Debug|Any CPU
		Release|Any CPU = Release|Any CPU
	EndGlobalSection
	GlobalSection(ProjectConfigurationPlatforms) = postSolution
		{E4BCB9E7-5A28-4233-BB67-7A7D934A3CB2}.Debug|Any CPU.ActiveCfg = Debug|Any CPU
		{E4BCB9E7-5A28-4233-BB67-7A7D934A3CB2}.Debug|Any CPU.Build.0 = Debug|Any CPU
		{E4BCB9E7-5A28-4233-BB67-7A7D934A3CB2}.Release|Any CPU.ActiveCfg = Release|Any CPU
		{E4BCB9E7-5A28-4233-BB67-7A7D934A3CB2}.Release|Any CPU.Build.0 = Release|Any CPU
		{0C069FD3-04EB-400C-B878-3060441CE86E}.Debug|Any CPU.ActiveCfg = Debug|Any CPU
		{0C069FD3-04EB-400C-B878-3060441CE86E}.Debug|Any CPU.Build.0 = Debug|Any CPU
		{0C069FD3-04EB-400C-B878-3060441CE86E}.Release|Any CPU.ActiveCfg = Release|Any CPU
		{0C069FD3-04EB-400C-B878-3060441CE86E}.Release|Any CPU.Build.0 = Release|Any CPU
		{14CE7003-7B95-41C8-8788-7C8F27D04004}.Debug|Any CPU.ActiveCfg = Debug|Any CPU
		{14CE7003-7B95-41C8-8788-7C8F27D04004}.Debug|Any CPU.Build.0 = Debug|Any CPU
		{14CE7003-7B95-41C8-8788-7C8F27D04004}.Release|Any CPU.ActiveCfg = Release|Any CPU
		{14CE7003-7B95-41C8-8788-7C8F27D04004}.Release|Any CPU.Build.0 = Release|Any CPU
		{0F1CE5C9-E936-4A07-9614-5F11ED7CE570}.Debug|Any CPU.ActiveCfg = Debug|Any CPU
		{0F1CE5C9-E936-4A07-9614-5F11ED7CE570}.Debug|Any CPU.Build.0 = Debug|Any CPU
		{0F1CE5C9-E936-4A07-9614-5F11ED7CE570}.Release|Any CPU.ActiveCfg = Release|Any CPU
		{0F1CE5C9-E936-4A07-9614-5F11ED7CE570}.Release|Any CPU.Build.0 = Release|Any CPU
		{0AE3D309-EBA9-4E94-AD38-9644F8786A2A}.Debug|Any CPU.ActiveCfg = Debug|Any CPU
		{0AE3D309-EBA9-4E94-AD38-9644F8786A2A}.Debug|Any CPU.Build.0 = Debug|Any CPU
		{0AE3D309-EBA9-4E94-AD38-9644F8786A2A}.Release|Any CPU.ActiveCfg = Release|Any CPU
		{0AE3D309-EBA9-4E94-AD38-9644F8786A2A}.Release|Any CPU.Build.0 = Release|Any CPU
		{2E2A2B0E-6C5C-4A4F-931C-A9885240CD1A}.Debug|Any CPU.ActiveCfg = Debug|Any CPU
		{2E2A2B0E-6C5C-4A4F-931C-A9885240CD1A}.Debug|Any CPU.Build.0 = Debug|Any CPU
		{2E2A2B0E-6C5C-4A4F-931C-A9885240CD1A}.Release|Any CPU.ActiveCfg = Release|Any CPU
		{2E2A2B0E-6C5C-4A4F-931C-A9885240CD1A}.Release|Any CPU.Build.0 = Release|Any CPU
		{B1C7FD18-F541-45E7-BFB7-2D7632596F02}.Debug|Any CPU.ActiveCfg = Debug|Any CPU
		{B1C7FD18-F541-45E7-BFB7-2D7632596F02}.Debug|Any CPU.Build.0 = Debug|Any CPU
		{B1C7FD18-F541-45E7-BFB7-2D7632596F02}.Release|Any CPU.ActiveCfg = Release|Any CPU
		{B1C7FD18-F541-45E7-BFB7-2D7632596F02}.Release|Any CPU.Build.0 = Release|Any CPU
		{1EC99672-BEDD-482C-8890-AD8B4716CCBE}.Debug|Any CPU.ActiveCfg = Debug|Any CPU
		{1EC99672-BEDD-482C-8890-AD8B4716CCBE}.Debug|Any CPU.Build.0 = Debug|Any CPU
		{1EC99672-BEDD-482C-8890-AD8B4716CCBE}.Release|Any CPU.ActiveCfg = Release|Any CPU
		{1EC99672-BEDD-482C-8890-AD8B4716CCBE}.Release|Any CPU.Build.0 = Release|Any CPU
		{A12BAFA8-86E9-4338-B73E-85B4E2F46B87}.Debug|Any CPU.ActiveCfg = Debug|Any CPU
		{A12BAFA8-86E9-4338-B73E-85B4E2F46B87}.Debug|Any CPU.Build.0 = Debug|Any CPU
		{A12BAFA8-86E9-4338-B73E-85B4E2F46B87}.Release|Any CPU.ActiveCfg = Release|Any CPU
		{A12BAFA8-86E9-4338-B73E-85B4E2F46B87}.Release|Any CPU.Build.0 = Release|Any CPU
		{345B75A8-E013-482B-8D58-253F854FBEAD}.Debug|Any CPU.ActiveCfg = Debug|Any CPU
		{345B75A8-E013-482B-8D58-253F854FBEAD}.Debug|Any CPU.Build.0 = Debug|Any CPU
		{345B75A8-E013-482B-8D58-253F854FBEAD}.Release|Any CPU.ActiveCfg = Release|Any CPU
		{345B75A8-E013-482B-8D58-253F854FBEAD}.Release|Any CPU.Build.0 = Release|Any CPU
		{5D07497F-81ED-4A4D-9116-741DE6B2D44B}.Debug|Any CPU.ActiveCfg = Debug|Any CPU
		{5D07497F-81ED-4A4D-9116-741DE6B2D44B}.Debug|Any CPU.Build.0 = Debug|Any CPU
		{5D07497F-81ED-4A4D-9116-741DE6B2D44B}.Release|Any CPU.ActiveCfg = Release|Any CPU
		{5D07497F-81ED-4A4D-9116-741DE6B2D44B}.Release|Any CPU.Build.0 = Release|Any CPU
		{A101D527-EDB2-4E97-97E1-55720D22FB2D}.Debug|Any CPU.ActiveCfg = Debug|Any CPU
		{A101D527-EDB2-4E97-97E1-55720D22FB2D}.Debug|Any CPU.Build.0 = Debug|Any CPU
		{A101D527-EDB2-4E97-97E1-55720D22FB2D}.Release|Any CPU.ActiveCfg = Release|Any CPU
		{A101D527-EDB2-4E97-97E1-55720D22FB2D}.Release|Any CPU.Build.0 = Release|Any CPU
	EndGlobalSection
	GlobalSection(SolutionProperties) = preSolution
		HideSolutionNode = FALSE
	EndGlobalSection
	GlobalSection(NestedProjects) = preSolution
		{4EC1713B-65BD-483D-B693-ED25C2B86E14} = {575035D5-C060-4489-B743-FB90F5D94460}
		{E4BCB9E7-5A28-4233-BB67-7A7D934A3CB2} = {4EC1713B-65BD-483D-B693-ED25C2B86E14}
		{0C069FD3-04EB-400C-B878-3060441CE86E} = {4EC1713B-65BD-483D-B693-ED25C2B86E14}
		{2A1CA27F-42F8-4E8A-BEDB-861D26962346} = {575035D5-C060-4489-B743-FB90F5D94460}
		{14CE7003-7B95-41C8-8788-7C8F27D04004} = {2A1CA27F-42F8-4E8A-BEDB-861D26962346}
		{0F1CE5C9-E936-4A07-9614-5F11ED7CE570} = {2A1CA27F-42F8-4E8A-BEDB-861D26962346}
		{3600C0F8-C18F-42C0-8DCA-AB9690C77C87} = {575035D5-C060-4489-B743-FB90F5D94460}
		{0AE3D309-EBA9-4E94-AD38-9644F8786A2A} = {3600C0F8-C18F-42C0-8DCA-AB9690C77C87}
		{2E2A2B0E-6C5C-4A4F-931C-A9885240CD1A} = {3600C0F8-C18F-42C0-8DCA-AB9690C77C87}
		{24DDE90A-1731-4323-9E12-A03BDDA2E3D4} = {575035D5-C060-4489-B743-FB90F5D94460}
		{B1C7FD18-F541-45E7-BFB7-2D7632596F02} = {24DDE90A-1731-4323-9E12-A03BDDA2E3D4}
		{1EC99672-BEDD-482C-8890-AD8B4716CCBE} = {24DDE90A-1731-4323-9E12-A03BDDA2E3D4}
		{957918E5-F068-4B01-B30C-C6E896D5714B} = {575035D5-C060-4489-B743-FB90F5D94460}
		{A12BAFA8-86E9-4338-B73E-85B4E2F46B87} = {957918E5-F068-4B01-B30C-C6E896D5714B}
		{345B75A8-E013-482B-8D58-253F854FBEAD} = {957918E5-F068-4B01-B30C-C6E896D5714B}
		{CF24949F-EBBB-4263-820B-A9746C532687} = {575035D5-C060-4489-B743-FB90F5D94460}
		{CD002725-0FAB-4D7E-BBF7-95D6B02C9BE8} = {575035D5-C060-4489-B743-FB90F5D94460}
		{5D07497F-81ED-4A4D-9116-741DE6B2D44B} = {CF24949F-EBBB-4263-820B-A9746C532687}
		{A101D527-EDB2-4E97-97E1-55720D22FB2D} = {CF24949F-EBBB-4263-820B-A9746C532687}
	EndGlobalSection
	GlobalSection(ExtensibilityGlobals) = postSolution
		SolutionGuid = {764B4AF5-1631-428F-8458-07CC744001FD}
	EndGlobalSection
EndGlobal
