
Microsoft Visual Studio Solution File, Format Version 12.00
# Visual Studio 15
VisualStudioVersion = 15.0.28307.852
MinimumVisualStudioVersion = 10.0.40219.1
Project("{9A19103F-16F7-4668-BE54-9A1E7A4F7556}") = "SimplePublisher", "SimplePublisher\SimplePublisher.csproj", "{6AC340B8-5071-43B9-BE50-260188C59F0C}"
EndProject
Project("{2150E333-8FDC-42A3-9474-1A3956D46DE8}") = "Components", "Components", "{E84E75F8-972E-4F21-8C74-286C1CD43325}"
EndProject
Project("{9A19103F-16F7-4668-BE54-9A1E7A4F7556}") = "Components.RabbitMQ", "Components.RabbitMQ\Components.RabbitMQ.csproj", "{8B1A360C-FABB-48B2-9972-7423DF5862D1}"
EndProject
Project("{9A19103F-16F7-4668-BE54-9A1E7A4F7556}") = "SimpleSubscriber", "SimpleSubscriber\SimpleSubscriber.csproj", "{C42B1F30-2A75-43CF-B2FD-F0F9F0245DD4}"
EndProject
Project("{FAE04EC0-301F-11D3-BF4B-00C04F79EFBC}") = "ComplexPublisher", "ComplexPublisher\ComplexPublisher.csproj", "{03156C5F-9A8F-487D-8A43-D55D08D9EA40}"
EndProject
Project("{FAE04EC0-301F-11D3-BF4B-00C04F79EFBC}") = "ComplexSubscriber", "ComplexSubscriber\ComplexSubscriber.csproj", "{710ECED9-881D-4A9A-8C84-7107DEF39D29}"
EndProject
Global
	GlobalSection(SolutionConfigurationPlatforms) = preSolution
		Debug|Any CPU = Debug|Any CPU
		Release|Any CPU = Release|Any CPU
	EndGlobalSection
	GlobalSection(ProjectConfigurationPlatforms) = postSolution
		{6AC340B8-5071-43B9-BE50-260188C59F0C}.Debug|Any CPU.ActiveCfg = Debug|Any CPU
		{6AC340B8-5071-43B9-BE50-260188C59F0C}.Debug|Any CPU.Build.0 = Debug|Any CPU
		{6AC340B8-5071-43B9-BE50-260188C59F0C}.Release|Any CPU.ActiveCfg = Release|Any CPU
		{6AC340B8-5071-43B9-BE50-260188C59F0C}.Release|Any CPU.Build.0 = Release|Any CPU
		{8B1A360C-FABB-48B2-9972-7423DF5862D1}.Debug|Any CPU.ActiveCfg = Debug|Any CPU
		{8B1A360C-FABB-48B2-9972-7423DF5862D1}.Debug|Any CPU.Build.0 = Debug|Any CPU
		{8B1A360C-FABB-48B2-9972-7423DF5862D1}.Release|Any CPU.ActiveCfg = Release|Any CPU
		{8B1A360C-FABB-48B2-9972-7423DF5862D1}.Release|Any CPU.Build.0 = Release|Any CPU
		{C42B1F30-2A75-43CF-B2FD-F0F9F0245DD4}.Debug|Any CPU.ActiveCfg = Debug|Any CPU
		{C42B1F30-2A75-43CF-B2FD-F0F9F0245DD4}.Debug|Any CPU.Build.0 = Debug|Any CPU
		{C42B1F30-2A75-43CF-B2FD-F0F9F0245DD4}.Release|Any CPU.ActiveCfg = Release|Any CPU
		{C42B1F30-2A75-43CF-B2FD-F0F9F0245DD4}.Release|Any CPU.Build.0 = Release|Any CPU
		{03156C5F-9A8F-487D-8A43-D55D08D9EA40}.Debug|Any CPU.ActiveCfg = Debug|Any CPU
		{03156C5F-9A8F-487D-8A43-D55D08D9EA40}.Debug|Any CPU.Build.0 = Debug|Any CPU
		{03156C5F-9A8F-487D-8A43-D55D08D9EA40}.Release|Any CPU.ActiveCfg = Release|Any CPU
		{03156C5F-9A8F-487D-8A43-D55D08D9EA40}.Release|Any CPU.Build.0 = Release|Any CPU
		{710ECED9-881D-4A9A-8C84-7107DEF39D29}.Debug|Any CPU.ActiveCfg = Debug|Any CPU
		{710ECED9-881D-4A9A-8C84-7107DEF39D29}.Debug|Any CPU.Build.0 = Debug|Any CPU
		{710ECED9-881D-4A9A-8C84-7107DEF39D29}.Release|Any CPU.ActiveCfg = Release|Any CPU
		{710ECED9-881D-4A9A-8C84-7107DEF39D29}.Release|Any CPU.Build.0 = Release|Any CPU
	EndGlobalSection
	GlobalSection(SolutionProperties) = preSolution
		HideSolutionNode = FALSE
	EndGlobalSection
	GlobalSection(NestedProjects) = preSolution
		{8B1A360C-FABB-48B2-9972-7423DF5862D1} = {E84E75F8-972E-4F21-8C74-286C1CD43325}
	EndGlobalSection
	GlobalSection(ExtensibilityGlobals) = postSolution
		SolutionGuid = {95F0954D-DC9B-4192-A524-426FD4520522}
	EndGlobalSection
EndGlobal
